
Microsoft Visual Studio Solution File, Format Version 12.00
# Visual Studio Version 17
VisualStudioVersion = 17.0.31903.59
MinimumVisualStudioVersion = 10.0.40219.1
Project("{FAE04EC0-301F-11D3-BF4B-00C04F79EFBC}") = "SharpCrud", "SharpCrud\SharpCrud.csproj", "{45B0FD83-3B58-44E8-BAA2-F1F8B9E2EFEC}"
EndProject
Project("{FAE04EC0-301F-11D3-BF4B-00C04F79EFBC}") = "SharpCrud.Tests", "SharpCrud.Tests\SharpCrud.Tests.csproj", "{62ED6F8D-E0FB-4D02-AEA8-A8651D482774}"
EndProject
Global
	GlobalSection(SolutionConfigurationPlatforms) = preSolution
		Debug|Any CPU = Debug|Any CPU
		Release|Any CPU = Release|Any CPU
	EndGlobalSection
	GlobalSection(SolutionProperties) = preSolution
		HideSolutionNode = FALSE
	EndGlobalSection
	GlobalSection(ProjectConfigurationPlatforms) = postSolution
		{45B0FD83-3B58-44E8-BAA2-F1F8B9E2EFEC}.Debug|Any CPU.ActiveCfg = Debug|Any CPU
		{45B0FD83-3B58-44E8-BAA2-F1F8B9E2EFEC}.Debug|Any CPU.Build.0 = Debug|Any CPU
		{45B0FD83-3B58-44E8-BAA2-F1F8B9E2EFEC}.Release|Any CPU.ActiveCfg = Release|Any CPU
		{45B0FD83-3B58-44E8-BAA2-F1F8B9E2EFEC}.Release|Any CPU.Build.0 = Release|Any CPU
		{62ED6F8D-E0FB-4D02-AEA8-A8651D482774}.Debug|Any CPU.ActiveCfg = Debug|Any CPU
		{62ED6F8D-E0FB-4D02-AEA8-A8651D482774}.Debug|Any CPU.Build.0 = Debug|Any CPU
		{62ED6F8D-E0FB-4D02-AEA8-A8651D482774}.Release|Any CPU.ActiveCfg = Release|Any CPU
		{62ED6F8D-E0FB-4D02-AEA8-A8651D482774}.Release|Any CPU.Build.0 = Release|Any CPU
	EndGlobalSection
EndGlobal
